
Microsoft Visual Studio Solution File, Format Version 12.00
# Visual Studio 15
VisualStudioVersion = 15.0.27703.2018
MinimumVisualStudioVersion = 10.0.40219.1
Project("{FAE04EC0-301F-11D3-BF4B-00C04F79EFBC}") = "TCP Client", "TCP Client\TCP Client.csproj", "{22FD5962-7FE2-4161-9C74-227CB292374D}"
EndProject
Global
	GlobalSection(SolutionConfigurationPlatforms) = preSolution
		Debug|Any CPU = Debug|Any CPU
		Release|Any CPU = Release|Any CPU
	EndGlobalSection
	GlobalSection(ProjectConfigurationPlatforms) = postSolution
		{22FD5962-7FE2-4161-9C74-227CB292374D}.Debug|Any CPU.ActiveCfg = Debug|Any CPU
		{22FD5962-7FE2-4161-9C74-227CB292374D}.Debug|Any CPU.Build.0 = Debug|Any CPU
		{22FD5962-7FE2-4161-9C74-227CB292374D}.Release|Any CPU.ActiveCfg = Release|Any CPU
		{22FD5962-7FE2-4161-9C74-227CB292374D}.Release|Any CPU.Build.0 = Release|Any CPU
	EndGlobalSection
	GlobalSection(SolutionProperties) = preSolution
		HideSolutionNode = FALSE
	EndGlobalSection
	GlobalSection(ExtensibilityGlobals) = postSolution
		SolutionGuid = {C3E70EDD-7635-4827-B506-5EC8C6D64E62}
	EndGlobalSection
EndGlobal
